// !$*UTF8*$!
{
	archiveVersion = 1;
	classes = {
	};
	objectVersion = 48;
	objects = {

/* Begin PBXBuildFile section */
		69962D9A1F7A4460006D2B19 /* AppDelegate.swift in Sources */ = {isa = PBXBuildFile; fileRef = 69962D991F7A4460006D2B19 /* AppDelegate.swift */; };
		69962D9C1F7A4460006D2B19 /* ViewController.swift in Sources */ = {isa = PBXBuildFile; fileRef = 69962D9B1F7A4460006D2B19 /* ViewController.swift */; };
		69962D9E1F7A4460006D2B19 /* Assets.xcassets in Resources */ = {isa = PBXBuildFile; fileRef = 69962D9D1F7A4460006D2B19 /* Assets.xcassets */; };
		69962DA11F7A4460006D2B19 /* Main.storyboard in Resources */ = {isa = PBXBuildFile; fileRef = 69962D9F1F7A4460006D2B19 /* Main.storyboard */; };
		69962DAC1F7A447F006D2B19 /* ServerUtils.m in Sources */ = {isa = PBXBuildFile; fileRef = 69962DAA1F7A447F006D2B19 /* ServerUtils.m */; };
		69962DAE1F7A487A006D2B19 /* Tunmanager.swift in Sources */ = {isa = PBXBuildFile; fileRef = 69962DAD1F7A487A006D2B19 /* Tunmanager.swift */; };
		69962DB01F7A496B006D2B19 /* util.swift in Sources */ = {isa = PBXBuildFile; fileRef = 69962DAF1F7A496B006D2B19 /* util.swift */; };
/* End PBXBuildFile section */

/* Begin PBXFileReference section */
		69962D961F7A4460006D2B19 /* XTunnel.app */ = {isa = PBXFileReference; explicitFileType = wrapper.application; includeInIndex = 0; path = XTunnel.app; sourceTree = BUILT_PRODUCTS_DIR; };
		69962D991F7A4460006D2B19 /* AppDelegate.swift */ = {isa = PBXFileReference; lastKnownFileType = sourcecode.swift; path = AppDelegate.swift; sourceTree = "<group>"; };
		69962D9B1F7A4460006D2B19 /* ViewController.swift */ = {isa = PBXFileReference; lastKnownFileType = sourcecode.swift; path = ViewController.swift; sourceTree = "<group>"; };
		69962D9D1F7A4460006D2B19 /* Assets.xcassets */ = {isa = PBXFileReference; lastKnownFileType = folder.assetcatalog; path = Assets.xcassets; sourceTree = "<group>"; };
		69962DA01F7A4460006D2B19 /* Base */ = {isa = PBXFileReference; lastKnownFileType = file.storyboard; name = Base; path = Base.lproj/Main.storyboard; sourceTree = "<group>"; };
		69962DA21F7A4460006D2B19 /* Info.plist */ = {isa = PBXFileReference; lastKnownFileType = text.plist.xml; path = Info.plist; sourceTree = "<group>"; };
		69962DA31F7A4460006D2B19 /* XTunnel.entitlements */ = {isa = PBXFileReference; lastKnownFileType = text.plist.entitlements; path = XTunnel.entitlements; sourceTree = "<group>"; };
		69962DA91F7A447E006D2B19 /* XTunnel-Bridging-Header.h */ = {isa = PBXFileReference; lastKnownFileType = sourcecode.c.h; path = "XTunnel-Bridging-Header.h"; sourceTree = "<group>"; };
		69962DAA1F7A447F006D2B19 /* ServerUtils.m */ = {isa = PBXFileReference; lastKnownFileType = sourcecode.c.objc; path = ServerUtils.m; sourceTree = "<group>"; };
		69962DAB1F7A447F006D2B19 /* ServerUtils.h */ = {isa = PBXFileReference; lastKnownFileType = sourcecode.c.h; path = ServerUtils.h; sourceTree = "<group>"; };
		69962DAD1F7A487A006D2B19 /* Tunmanager.swift */ = {isa = PBXFileReference; lastKnownFileType = sourcecode.swift; path = Tunmanager.swift; sourceTree = "<group>"; };
		69962DAF1F7A496B006D2B19 /* util.swift */ = {isa = PBXFileReference; lastKnownFileType = sourcecode.swift; path = util.swift; sourceTree = "<group>"; };
/* End PBXFileReference section */

/* Begin PBXFrameworksBuildPhase section */
		69962D931F7A4460006D2B19 /* Frameworks */ = {
			isa = PBXFrameworksBuildPhase;
			buildActionMask = 2147483647;
			files = (
			);
			runOnlyForDeploymentPostprocessing = 0;
		};
/* End PBXFrameworksBuildPhase section */

/* Begin PBXGroup section */
		69962D8D1F7A4460006D2B19 = {
			isa = PBXGroup;
			children = (
				69962D981F7A4460006D2B19 /* XTunnel */,
				69962D971F7A4460006D2B19 /* Products */,
			);
			sourceTree = "<group>";
		};
		69962D971F7A4460006D2B19 /* Products */ = {
			isa = PBXGroup;
			children = (
				69962D961F7A4460006D2B19 /* XTunnel.app */,
			);
			name = Products;
			sourceTree = "<group>";
		};
		69962D981F7A4460006D2B19 /* XTunnel */ = {
			isa = PBXGroup;
			children = (
				69962DAB1F7A447F006D2B19 /* ServerUtils.h */,
				69962DAA1F7A447F006D2B19 /* ServerUtils.m */,
				69962DAF1F7A496B006D2B19 /* util.swift */,
				69962D991F7A4460006D2B19 /* AppDelegate.swift */,
				69962D9B1F7A4460006D2B19 /* ViewController.swift */,
				69962DAD1F7A487A006D2B19 /* Tunmanager.swift */,
				69962D9D1F7A4460006D2B19 /* Assets.xcassets */,
				69962D9F1F7A4460006D2B19 /* Main.storyboard */,
				69962DA21F7A4460006D2B19 /* Info.plist */,
				69962DA31F7A4460006D2B19 /* XTunnel.entitlements */,
				69962DA91F7A447E006D2B19 /* XTunnel-Bridging-Header.h */,
			);
			path = XTunnel;
			sourceTree = "<group>";
		};
/* End PBXGroup section */

/* Begin PBXNativeTarget section */
		69962D951F7A4460006D2B19 /* XTunnel */ = {
			isa = PBXNativeTarget;
			buildConfigurationList = 69962DA61F7A4460006D2B19 /* Build configuration list for PBXNativeTarget "XTunnel" */;
			buildPhases = (
				69962D921F7A4460006D2B19 /* Sources */,
				69962D931F7A4460006D2B19 /* Frameworks */,
				69962D941F7A4460006D2B19 /* Resources */,
			);
			buildRules = (
			);
			dependencies = (
			);
			name = XTunnel;
			productName = XTunnel;
			productReference = 69962D961F7A4460006D2B19 /* XTunnel.app */;
			productType = "com.apple.product-type.application";
		};
/* End PBXNativeTarget section */

/* Begin PBXProject section */
		69962D8E1F7A4460006D2B19 /* Project object */ = {
			isa = PBXProject;
			attributes = {
				LastSwiftUpdateCheck = 0900;
				LastUpgradeCheck = 0900;
				ORGANIZATIONNAME = yarshure;
				TargetAttributes = {
					69962D951F7A4460006D2B19 = {
						CreatedOnToolsVersion = 9.0;
						LastSwiftMigration = 0900;
						ProvisioningStyle = Automatic;
						SystemCapabilities = {
							com.apple.Sandbox = {
								enabled = 0;
							};
						};
					};
				};
			};
			buildConfigurationList = 69962D911F7A4460006D2B19 /* Build configuration list for PBXProject "XTunnel" */;
			compatibilityVersion = "Xcode 8.0";
			developmentRegion = en;
			hasScannedForEncodings = 0;
			knownRegions = (
				en,
				Base,
			);
			mainGroup = 69962D8D1F7A4460006D2B19;
			productRefGroup = 69962D971F7A4460006D2B19 /* Products */;
			projectDirPath = "";
			projectRoot = "";
			targets = (
				69962D951F7A4460006D2B19 /* XTunnel */,
			);
		};
/* End PBXProject section */

/* Begin PBXResourcesBuildPhase section */
		69962D941F7A4460006D2B19 /* Resources */ = {
			isa = PBXResourcesBuildPhase;
			buildActionMask = 2147483647;
			files = (
				69962D9E1F7A4460006D2B19 /* Assets.xcassets in Resources */,
				69962DA11F7A4460006D2B19 /* Main.storyboard in Resources */,
			);
			runOnlyForDeploymentPostprocessing = 0;
		};
/* End PBXResourcesBuildPhase section */

/* Begin PBXSourcesBuildPhase section */
		69962D921F7A4460006D2B19 /* Sources */ = {
			isa = PBXSourcesBuildPhase;
			buildActionMask = 2147483647;
			files = (
				69962D9C1F7A4460006D2B19 /* ViewController.swift in Sources */,
				69962DAE1F7A487A006D2B19 /* Tunmanager.swift in Sources */,
				69962D9A1F7A4460006D2B19 /* AppDelegate.swift in Sources */,
				69962DB01F7A496B006D2B19 /* util.swift in Sources */,
				69962DAC1F7A447F006D2B19 /* ServerUtils.m in Sources */,
			);
			runOnlyForDeploymentPostprocessing = 0;
		};
/* End PBXSourcesBuildPhase section */

/* Begin PBXVariantGroup section */
		69962D9F1F7A4460006D2B19 /* Main.storyboard */ = {
			isa = PBXVariantGroup;
			children = (
				69962DA01F7A4460006D2B19 /* Base */,
			);
			name = Main.storyboard;
			sourceTree = "<group>";
		};
/* End PBXVariantGroup section */

/* Begin XCBuildConfiguration section */
		69962DA41F7A4460006D2B19 /* Debug */ = {
			isa = XCBuildConfiguration;
			buildSettings = {
				ALWAYS_SEARCH_USER_PATHS = NO;
				CLANG_ANALYZER_NONNULL = YES;
				CLANG_ANALYZER_NUMBER_OBJECT_CONVERSION = YES_AGGRESSIVE;
				CLANG_CXX_LANGUAGE_STANDARD = "gnu++14";
				CLANG_CXX_LIBRARY = "libc++";
				CLANG_ENABLE_MODULES = YES;
				CLANG_ENABLE_OBJC_ARC = YES;
				CLANG_WARN_BLOCK_CAPTURE_AUTORELEASING = YES;
				CLANG_WARN_BOOL_CONVERSION = YES;
				CLANG_WARN_COMMA = YES;
				CLANG_WARN_CONSTANT_CONVERSION = YES;
				CLANG_WARN_DIRECT_OBJC_ISA_USAGE = YES_ERROR;
				CLANG_WARN_DOCUMENTATION_COMMENTS = YES;
				CLANG_WARN_EMPTY_BODY = YES;
				CLANG_WARN_ENUM_CONVERSION = YES;
				CLANG_WARN_INFINITE_RECURSION = YES;
				CLANG_WARN_INT_CONVERSION = YES;
				CLANG_WARN_NON_LITERAL_NULL_CONVERSION = YES;
				CLANG_WARN_OBJC_LITERAL_CONVERSION = YES;
				CLANG_WARN_OBJC_ROOT_CLASS = YES_ERROR;
				CLANG_WARN_RANGE_LOOP_ANALYSIS = YES;
				CLANG_WARN_STRICT_PROTOTYPES = YES;
				CLANG_WARN_SUSPICIOUS_MOVE = YES;
				CLANG_WARN_UNGUARDED_AVAILABILITY = YES_AGGRESSIVE;
				CLANG_WARN_UNREACHABLE_CODE = YES;
				CLANG_WARN__DUPLICATE_METHOD_MATCH = YES;
				CODE_SIGN_IDENTITY = "Mac Developer";
				COPY_PHASE_STRIP = NO;
				DEBUG_INFORMATION_FORMAT = dwarf;
				ENABLE_STRICT_OBJC_MSGSEND = YES;
				ENABLE_TESTABILITY = YES;
				GCC_C_LANGUAGE_STANDARD = gnu11;
				GCC_DYNAMIC_NO_PIC = NO;
				GCC_NO_COMMON_BLOCKS = YES;
				GCC_OPTIMIZATION_LEVEL = 0;
				GCC_PREPROCESSOR_DEFINITIONS = (
					"DEBUG=1",
					"$(inherited)",
				);
				GCC_WARN_64_TO_32_BIT_CONVERSION = YES;
				GCC_WARN_ABOUT_RETURN_TYPE = YES_ERROR;
				GCC_WARN_UNDECLARED_SELECTOR = YES;
				GCC_WARN_UNINITIALIZED_AUTOS = YES_AGGRESSIVE;
				GCC_WARN_UNUSED_FUNCTION = YES;
				GCC_WARN_UNUSED_VARIABLE = YES;
				MACOSX_DEPLOYMENT_TARGET = 10.12;
				MTL_ENABLE_DEBUG_INFO = YES;
				ONLY_ACTIVE_ARCH = YES;
				SDKROOT = macosx;
				SWIFT_ACTIVE_COMPILATION_CONDITIONS = DEBUG;
				SWIFT_OPTIMIZATION_LEVEL = "-Onone";
			};
			name = Debug;
		};
		69962DA51F7A4460006D2B19 /* Release */ = {
			isa = XCBuildConfiguration;
			buildSettings = {
				ALWAYS_SEARCH_USER_PATHS = NO;
				CLANG_ANALYZER_NONNULL = YES;
				CLANG_ANALYZER_NUMBER_OBJECT_CONVERSION = YES_AGGRESSIVE;
				CLANG_CXX_LANGUAGE_STANDARD = "gnu++14";
				CLANG_CXX_LIBRARY = "libc++";
				CLANG_ENABLE_MODULES = YES;
				CLANG_ENABLE_OBJC_ARC = YES;
				CLANG_WARN_BLOCK_CAPTURE_AUTORELEASING = YES;
				CLANG_WARN_BOOL_CONVERSION = YES;
				CLANG_WARN_COMMA = YES;
				CLANG_WARN_CONSTANT_CONVERSION = YES;
				CLANG_WARN_DIRECT_OBJC_ISA_USAGE = YES_ERROR;
				CLANG_WARN_DOCUMENTATION_COMMENTS = YES;
				CLANG_WARN_EMPTY_BODY = YES;
				CLANG_WARN_ENUM_CONVERSION = YES;
				CLANG_WARN_INFINITE_RECURSION = YES;
				CLANG_WARN_INT_CONVERSION = YES;
				CLANG_WARN_NON_LITERAL_NULL_CONVERSION = YES;
				CLANG_WARN_OBJC_LITERAL_CONVERSION = YES;
				CLANG_WARN_OBJC_ROOT_CLASS = YES_ERROR;
				CLANG_WARN_RANGE_LOOP_ANALYSIS = YES;
				CLANG_WARN_STRICT_PROTOTYPES = YES;
				CLANG_WARN_SUSPICIOUS_MOVE = YES;
				CLANG_WARN_UNGUARDED_AVAILABILITY = YES_AGGRESSIVE;
				CLANG_WARN_UNREACHABLE_CODE = YES;
				CLANG_WARN__DUPLICATE_METHOD_MATCH = YES;
				CODE_SIGN_IDENTITY = "Mac Developer";
				COPY_PHASE_STRIP = NO;
				DEBUG_INFORMATION_FORMAT = "dwarf-with-dsym";
				ENABLE_NS_ASSERTIONS = NO;
				ENABLE_STRICT_OBJC_MSGSEND = YES;
				GCC_C_LANGUAGE_STANDARD = gnu11;
				GCC_NO_COMMON_BLOCKS = YES;
				GCC_WARN_64_TO_32_BIT_CONVERSION = YES;
				GCC_WARN_ABOUT_RETURN_TYPE = YES_ERROR;
				GCC_WARN_UNDECLARED_SELECTOR = YES;
				GCC_WARN_UNINITIALIZED_AUTOS = YES_AGGRESSIVE;
				GCC_WARN_UNUSED_FUNCTION = YES;
				GCC_WARN_UNUSED_VARIABLE = YES;
				MACOSX_DEPLOYMENT_TARGET = 10.12;
				MTL_ENABLE_DEBUG_INFO = NO;
				SDKROOT = macosx;
				SWIFT_OPTIMIZATION_LEVEL = "-Owholemodule";
			};
			name = Release;
		};
		69962DA71F7A4460006D2B19 /* Debug */ = {
			isa = XCBuildConfiguration;
			buildSettings = {
				ASSETCATALOG_COMPILER_APPICON_NAME = AppIcon;
				CLANG_ENABLE_MODULES = YES;
				CODE_SIGN_STYLE = Automatic;
				COMBINE_HIDPI_IMAGES = YES;
				DEVELOPMENT_TEAM = 745WQDK4L7;
				INFOPLIST_FILE = XTunnel/Info.plist;
				LD_RUNPATH_SEARCH_PATHS = "$(inherited) @executable_path/../Frameworks";
				PRODUCT_BUNDLE_IDENTIFIER = com.yarshure.XTunnel;
				PRODUCT_NAME = "$(TARGET_NAME)";
				SWIFT_OBJC_BRIDGING_HEADER = "XTunnel/XTunnel-Bridging-Header.h";
				SWIFT_OPTIMIZATION_LEVEL = "-Onone";
				SWIFT_VERSION = 4.0;
			};
			name = Debug;
		};
		69962DA81F7A4460006D2B19 /* Release */ = {
			isa = XCBuildConfiguration;
			buildSettings = {
				ASSETCATALOG_COMPILER_APPICON_NAME = AppIcon;
				CLANG_ENABLE_MODULES = YES;
				CODE_SIGN_STYLE = Automatic;
				COMBINE_HIDPI_IMAGES = YES;
				DEVELOPMENT_TEAM = 745WQDK4L7;
				INFOPLIST_FILE = XTunnel/Info.plist;
				LD_RUNPATH_SEARCH_PATHS = "$(inherited) @executable_path/../Frameworks";
				PRODUCT_BUNDLE_IDENTIFIER = com.yarshure.XTunnel;
				PRODUCT_NAME = "$(TARGET_NAME)";
				SWIFT_OBJC_BRIDGING_HEADER = "XTunnel/XTunnel-Bridging-Header.h";
				SWIFT_VERSION = 4.0;
			};
			name = Release;
		};
/* End XCBuildConfiguration section */

/* Begin XCConfigurationList section */
		69962D911F7A4460006D2B19 /* Build configuration list for PBXProject "XTunnel" */ = {
			isa = XCConfigurationList;
			buildConfigurations = (
				69962DA41F7A4460006D2B19 /* Debug */,
				69962DA51F7A4460006D2B19 /* Release */,
			);
			defaultConfigurationIsVisible = 0;
			defaultConfigurationName = Release;
		};
		69962DA61F7A4460006D2B19 /* Build configuration list for PBXNativeTarget "XTunnel" */ = {
			isa = XCConfigurationList;
			buildConfigurations = (
				69962DA71F7A4460006D2B19 /* Debug */,
				69962DA81F7A4460006D2B19 /* Release */,
			);
			defaultConfigurationIsVisible = 0;
			defaultConfigurationName = Release;
		};
/* End XCConfigurationList section */
	};
	rootObject = 69962D8E1F7A4460006D2B19 /* Project object */;
}
